<?xml version="1.0" encoding="utf-8"?>
<Project ToolsVersion="4.0" xmlns:atg="http://atg.xbox.com" xmlns="http://schemas.microsoft.com/developer/msbuild/2003">
  <ItemGroup>
    <Filter Include="Resource Files">
      <UniqueIdentifier>{8e114980-c1a3-4ada-ad7c-83caadf5daeb}</UniqueIdentifier>
      <Extensions>rc;ico;cur;bmp;dlg;rc2;rct;bin;rgs;gif;jpg;jpeg;jpe</Extensions>
    </Filter>
    <Filter Include="DXUT">
      <UniqueIdentifier>{a43c5c25-0e86-4a20-b64a-883785ff74fd}</UniqueIdentifier>
    </Filter>
    <Filter Include="Shaders">
      <UniqueIdentifier>{13e5de34-43a6-4439-b201-9564acb802f0}</UniqueIdentifier>
    </Filter>
  </ItemGroup>
  <ItemGroup>
    <None Include="DXUT\Optional\directx.ico">
      <Filter>Resource Files</Filter>
    </None>
    <ClInclude Include="DXUT\Core\DXUT.h">
      <Filter>DXUT</Filter>
    </ClInclude>
    <ClInclude Include="DXUT\Core\DXUTDevice11.h">
      <Filter>DXUT</Filter>
    </ClInclude>
    <ClInclude Include="DXUT\Core\DXUTDevice9.h">
      <Filter>DXUT</Filter>
    </ClInclude>
    <ClInclude Include="DXUT\Core\DXUTmisc.h">
      <Filter>DXUT</Filter>
    </ClInclude>
    <ClCompile Include="DXUT\Core\DXUT.cpp">
      <Filter>DXUT</Filter>
    </ClCompile>
    <ClCompile Include="DXUT\Core\DXUTDevice11.cpp">
      <Filter>DXUT</Filter>
    </ClCompile>
    <ClCompile Include="DXUT\Core\DXUTDevice9.cpp">
      <Filter>DXUT</Filter>
    </ClCompile>
    <ClCompile Include="DXUT\Core\DXUTmisc.cpp">
      <Filter>DXUT</Filter>
    </ClCompile>
    <ClInclude Include="DXUT\Optional\DXUTcamera.h">
      <Filter>DXUT</Filter>
    </ClInclude>
    <ClInclude Include="DXUT\Optional\DXUTgui.h">
      <Filter>DXUT</Filter>
    </ClInclude>
    <ClInclude Include="DXUT\Optional\DXUTres.h">
      <Filter>DXUT</Filter>
    </ClInclude>
    <ClInclude Include="DXUT\Optional\DXUTsettingsdlg.h">
      <Filter>DXUT</Filter>
    </ClInclude>
    <ClInclude Include="DXUT\Optional\SDKmesh.h">
      <Filter>DXUT</Filter>
    </ClInclude>
    <ClInclude Include="DXUT\Optional\SDKmisc.h">
      <Filter>DXUT</Filter>
    </ClInclude>
    <ClCompile Include="DXUT\Optional\DXUTcamera.cpp">
      <Filter>DXUT</Filter>
    </ClCompile>
    <ClCompile Include="DXUT\Optional\DXUTgui.cpp">
      <Filter>DXUT</Filter>
    </ClCompile>
    <ClCompile Include="DXUT\Optional\DXUTres.cpp">
      <Filter>DXUT</Filter>
    </ClCompile>
    <ClCompile Include="DXUT\Optional\DXUTsettingsdlg.cpp">
      <Filter>DXUT</Filter>
    </ClCompile>
    <ClCompile Include="DXUT\Optional\SDKmesh.cpp">
      <Filter>DXUT</Filter>
    </ClCompile>
    <ClCompile Include="DXUT\Optional\SDKmisc.cpp">
      <Filter>DXUT</Filter>
    </ClCompile>
    <None Include="Media\Shaders\SSAO.hlsl">
      <Filter>Shaders</Filter>
    </None>
    <None Include="Media\Shaders\GBuffer.hlsl">
      <Filter>Shaders</Filter>
    </None>
    <None Include="Media\Shaders\Rendering.hlsl">
      <Filter>Shaders</Filter>
    </None>
    <None Include="Media\Shaders\FullScreenTriangle.hlsl">
      <Filter>Shaders</Filter>
    </None>
    <None Include="Media\Shaders\PerFrameConstants.hlsl">
      <Filter>Shaders</Filter>
    </None>
    <None Include="Media\Shaders\DeferredRendering.hlsl">
      <Filter>Shaders</Filter>
    </None>
    <None Include="Media\Shaders\Utility.hlsl">
      <Filter>Shaders</Filter>
    </None>
    <None Include="Media\Shaders\FullQuadSprite.hlsl">
      <Filter>Shaders</Filter>
    </None>
    <None Include="Media\Shaders\ForwardRendering.hlsl">
      <Filter>Shaders</Filter>
    </None>
    <None Include="Media\Shaders\EdgeDetect.hlsl">
      <Filter>Shaders</Filter>
    </None>
    <None Include="Media\Shaders\DeferredLightingPass.hlsl">
      <Filter>Shaders</Filter>
    </None>
    <None Include="Media\Shaders\DeferredShadingPass.hlsl">
      <Filter>Shaders</Filter>
    </None>
  </ItemGroup>
  <ItemGroup>
    <ClCompile Include="Main.cpp" />
    <ClCompile Include="SSAO.cpp" />
    <ClCompile Include="Texture2D.cpp" />
    <ClCompile Include="Shader.cpp" />
    <ClCompile Include="LightAnimation.cpp" />
    <ClCompile Include="Scene.cpp" />
    <ClCompile Include="Utility.cpp" />
  </ItemGroup>
  <ItemGroup>
    <CLInclude Include="resource.h">
      <Filter>Resource Files</Filter>
    </CLInclude>
    <ResourceCompile Include="SSAO.rc">
      <Filter>Resource Files</Filter>
    </ResourceCompile>
    <ClInclude Include="SSAO.h" />
    <ClInclude Include="Texture2D.h" />
    <ClInclude Include="Shader.h" />
    <ClInclude Include="LightAnimation.h" />
    <ClInclude Include="Scene.h" />
    <ClInclude Include="Utility.h" />
  </ItemGroup>
  <ItemGroup>
  </ItemGroup>
</Project>